
Microsoft Visual Studio Solution File, Format Version 12.00
# Visual Studio 15
VisualStudioVersion = 15.0.28307.539
MinimumVisualStudioVersion = 10.0.40219.1
Project("{FAE04EC0-301F-11D3-BF4B-00C04F79EFBC}") = "OutaHat.Android", "OutaHat\OutaHat.Android\OutaHat.Android.csproj", "{56111CD7-BFA9-44B7-BF41-65E3ED9C1B46}"
EndProject
Project("{FAE04EC0-301F-11D3-BF4B-00C04F79EFBC}") = "OutaHat.iOS", "OutaHat\OutaHat.iOS\OutaHat.iOS.csproj", "{91FF92A9-E5ED-4C4A-96CD-89986B2EFFBC}"
EndProject
Project("{FAE04EC0-301F-11D3-BF4B-00C04F79EFBC}") = "OutaHat", "OutaHat\OutaHat\OutaHat.csproj", "{908EDE35-7DA0-445E-8C2D-4BFB13272C5E}"
EndProject
Global
	GlobalSection(SolutionConfigurationPlatforms) = preSolution
		Ad-Hoc|Any CPU = Ad-Hoc|Any CPU
		Ad-Hoc|iPhone = Ad-Hoc|iPhone
		Ad-Hoc|iPhoneSimulator = Ad-Hoc|iPhoneSimulator
		AppStore|Any CPU = AppStore|Any CPU
		AppStore|iPhone = AppStore|iPhone
		AppStore|iPhoneSimulator = AppStore|iPhoneSimulator
		Debug|Any CPU = Debug|Any CPU
		Debug|iPhone = Debug|iPhone
		Debug|iPhoneSimulator = Debug|iPhoneSimulator
		Release|Any CPU = Release|Any CPU
		Release|iPhone = Release|iPhone
		Release|iPhoneSimulator = Release|iPhoneSimulator
	EndGlobalSection
	GlobalSection(ProjectConfigurationPlatforms) = postSolution
		{56111CD7-BFA9-44B7-BF41-65E3ED9C1B46}.Ad-Hoc|Any CPU.ActiveCfg = Release|Any CPU
		{56111CD7-BFA9-44B7-BF41-65E3ED9C1B46}.Ad-Hoc|Any CPU.Build.0 = Release|Any CPU
		{56111CD7-BFA9-44B7-BF41-65E3ED9C1B46}.Ad-Hoc|Any CPU.Deploy.0 = Release|Any CPU
		{56111CD7-BFA9-44B7-BF41-65E3ED9C1B46}.Ad-Hoc|iPhone.ActiveCfg = Release|Any CPU
		{56111CD7-BFA9-44B7-BF41-65E3ED9C1B46}.Ad-Hoc|iPhone.Build.0 = Release|Any CPU
		{56111CD7-BFA9-44B7-BF41-65E3ED9C1B46}.Ad-Hoc|iPhone.Deploy.0 = Release|Any CPU
		{56111CD7-BFA9-44B7-BF41-65E3ED9C1B46}.Ad-Hoc|iPhoneSimulator.ActiveCfg = Release|Any CPU
		{56111CD7-BFA9-44B7-BF41-65E3ED9C1B46}.Ad-Hoc|iPhoneSimulator.Build.0 = Release|Any CPU
		{56111CD7-BFA9-44B7-BF41-65E3ED9C1B46}.Ad-Hoc|iPhoneSimulator.Deploy.0 = Release|Any CPU
		{56111CD7-BFA9-44B7-BF41-65E3ED9C1B46}.AppStore|Any CPU.ActiveCfg = Release|Any CPU
		{56111CD7-BFA9-44B7-BF41-65E3ED9C1B46}.AppStore|Any CPU.Build.0 = Release|Any CPU
		{56111CD7-BFA9-44B7-BF41-65E3ED9C1B46}.AppStore|Any CPU.Deploy.0 = Release|Any CPU
		{56111CD7-BFA9-44B7-BF41-65E3ED9C1B46}.AppStore|iPhone.ActiveCfg = Release|Any CPU
		{56111CD7-BFA9-44B7-BF41-65E3ED9C1B46}.AppStore|iPhone.Build.0 = Release|Any CPU
		{56111CD7-BFA9-44B7-BF41-65E3ED9C1B46}.AppStore|iPhone.Deploy.0 = Release|Any CPU
		{56111CD7-BFA9-44B7-BF41-65E3ED9C1B46}.AppStore|iPhoneSimulator.ActiveCfg = Release|Any CPU
		{56111CD7-BFA9-44B7-BF41-65E3ED9C1B46}.AppStore|iPhoneSimulator.Build.0 = Release|Any CPU
		{56111CD7-BFA9-44B7-BF41-65E3ED9C1B46}.AppStore|iPhoneSimulator.Deploy.0 = Release|Any CPU
		{56111CD7-BFA9-44B7-BF41-65E3ED9C1B46}.Debug|Any CPU.ActiveCfg = Debug|Any CPU
		{56111CD7-BFA9-44B7-BF41-65E3ED9C1B46}.Debug|Any CPU.Build.0 = Debug|Any CPU
		{56111CD7-BFA9-44B7-BF41-65E3ED9C1B46}.Debug|Any CPU.Deploy.0 = Debug|Any CPU
		{56111CD7-BFA9-44B7-BF41-65E3ED9C1B46}.Debug|iPhone.ActiveCfg = Debug|Any CPU
		{56111CD7-BFA9-44B7-BF41-65E3ED9C1B46}.Debug|iPhone.Build.0 = Debug|Any CPU
		{56111CD7-BFA9-44B7-BF41-65E3ED9C1B46}.Debug|iPhone.Deploy.0 = Debug|Any CPU
		{56111CD7-BFA9-44B7-BF41-65E3ED9C1B46}.Debug|iPhoneSimulator.ActiveCfg = Debug|Any CPU
		{56111CD7-BFA9-44B7-BF41-65E3ED9C1B46}.Debug|iPhoneSimulator.Build.0 = Debug|Any CPU
		{56111CD7-BFA9-44B7-BF41-65E3ED9C1B46}.Debug|iPhoneSimulator.Deploy.0 = Debug|Any CPU
		{56111CD7-BFA9-44B7-BF41-65E3ED9C1B46}.Release|Any CPU.ActiveCfg = Release|Any CPU
		{56111CD7-BFA9-44B7-BF41-65E3ED9C1B46}.Release|Any CPU.Build.0 = Release|Any CPU
		{56111CD7-BFA9-44B7-BF41-65E3ED9C1B46}.Release|Any CPU.Deploy.0 = Release|Any CPU
		{56111CD7-BFA9-44B7-BF41-65E3ED9C1B46}.Release|iPhone.ActiveCfg = Release|Any CPU
		{56111CD7-BFA9-44B7-BF41-65E3ED9C1B46}.Release|iPhone.Build.0 = Release|Any CPU
		{56111CD7-BFA9-44B7-BF41-65E3ED9C1B46}.Release|iPhone.Deploy.0 = Release|Any CPU
		{56111CD7-BFA9-44B7-BF41-65E3ED9C1B46}.Release|iPhoneSimulator.ActiveCfg = Release|Any CPU
		{56111CD7-BFA9-44B7-BF41-65E3ED9C1B46}.Release|iPhoneSimulator.Build.0 = Release|Any CPU
		{56111CD7-BFA9-44B7-BF41-65E3ED9C1B46}.Release|iPhoneSimulator.Deploy.0 = Release|Any CPU
		{91FF92A9-E5ED-4C4A-96CD-89986B2EFFBC}.Ad-Hoc|Any CPU.ActiveCfg = Ad-Hoc|iPhone
		{91FF92A9-E5ED-4C4A-96CD-89986B2EFFBC}.Ad-Hoc|Any CPU.Build.0 = Ad-Hoc|iPhone
		{91FF92A9-E5ED-4C4A-96CD-89986B2EFFBC}.Ad-Hoc|Any CPU.Deploy.0 = Ad-Hoc|iPhone
		{91FF92A9-E5ED-4C4A-96CD-89986B2EFFBC}.Ad-Hoc|iPhone.ActiveCfg = Ad-Hoc|iPhone
		{91FF92A9-E5ED-4C4A-96CD-89986B2EFFBC}.Ad-Hoc|iPhone.Build.0 = Ad-Hoc|iPhone
		{91FF92A9-E5ED-4C4A-96CD-89986B2EFFBC}.Ad-Hoc|iPhone.Deploy.0 = Ad-Hoc|iPhone
		{91FF92A9-E5ED-4C4A-96CD-89986B2EFFBC}.Ad-Hoc|iPhoneSimulator.ActiveCfg = Ad-Hoc|iPhoneSimulator
		{91FF92A9-E5ED-4C4A-96CD-89986B2EFFBC}.Ad-Hoc|iPhoneSimulator.Build.0 = Ad-Hoc|iPhoneSimulator
		{91FF92A9-E5ED-4C4A-96CD-89986B2EFFBC}.Ad-Hoc|iPhoneSimulator.Deploy.0 = Ad-Hoc|iPhoneSimulator
		{91FF92A9-E5ED-4C4A-96CD-89986B2EFFBC}.AppStore|Any CPU.ActiveCfg = AppStore|iPhone
		{91FF92A9-E5ED-4C4A-96CD-89986B2EFFBC}.AppStore|Any CPU.Build.0 = AppStore|iPhone
		{91FF92A9-E5ED-4C4A-96CD-89986B2EFFBC}.AppStore|Any CPU.Deploy.0 = AppStore|iPhone
		{91FF92A9-E5ED-4C4A-96CD-89986B2EFFBC}.AppStore|iPhone.ActiveCfg = AppStore|iPhone
		{91FF92A9-E5ED-4C4A-96CD-89986B2EFFBC}.AppStore|iPhone.Build.0 = AppStore|iPhone
		{91FF92A9-E5ED-4C4A-96CD-89986B2EFFBC}.AppStore|iPhone.Deploy.0 = AppStore|iPhone
		{91FF92A9-E5ED-4C4A-96CD-89986B2EFFBC}.AppStore|iPhoneSimulator.ActiveCfg = AppStore|iPhoneSimulator
		{91FF92A9-E5ED-4C4A-96CD-89986B2EFFBC}.AppStore|iPhoneSimulator.Build.0 = AppStore|iPhoneSimulator
		{91FF92A9-E5ED-4C4A-96CD-89986B2EFFBC}.AppStore|iPhoneSimulator.Deploy.0 = AppStore|iPhoneSimulator
		{91FF92A9-E5ED-4C4A-96CD-89986B2EFFBC}.Debug|Any CPU.ActiveCfg = Debug|iPhoneSimulator
		{91FF92A9-E5ED-4C4A-96CD-89986B2EFFBC}.Debug|Any CPU.Build.0 = Debug|iPhoneSimulator
		{91FF92A9-E5ED-4C4A-96CD-89986B2EFFBC}.Debug|Any CPU.Deploy.0 = Debug|iPhoneSimulator
		{91FF92A9-E5ED-4C4A-96CD-89986B2EFFBC}.Debug|iPhone.ActiveCfg = Debug|iPhone
		{91FF92A9-E5ED-4C4A-96CD-89986B2EFFBC}.Debug|iPhone.Build.0 = Debug|iPhone
		{91FF92A9-E5ED-4C4A-96CD-89986B2EFFBC}.Debug|iPhone.Deploy.0 = Debug|iPhone
		{91FF92A9-E5ED-4C4A-96CD-89986B2EFFBC}.Debug|iPhoneSimulator.ActiveCfg = Debug|iPhoneSimulator
		{91FF92A9-E5ED-4C4A-96CD-89986B2EFFBC}.Debug|iPhoneSimulator.Build.0 = Debug|iPhoneSimulator
		{91FF92A9-E5ED-4C4A-96CD-89986B2EFFBC}.Debug|iPhoneSimulator.Deploy.0 = Debug|iPhoneSimulator
		{91FF92A9-E5ED-4C4A-96CD-89986B2EFFBC}.Release|Any CPU.ActiveCfg = Release|iPhone
		{91FF92A9-E5ED-4C4A-96CD-89986B2EFFBC}.Release|Any CPU.Build.0 = Release|iPhone
		{91FF92A9-E5ED-4C4A-96CD-89986B2EFFBC}.Release|Any CPU.Deploy.0 = Release|iPhone
		{91FF92A9-E5ED-4C4A-96CD-89986B2EFFBC}.Release|iPhone.ActiveCfg = Release|iPhone
		{91FF92A9-E5ED-4C4A-96CD-89986B2EFFBC}.Release|iPhone.Build.0 = Release|iPhone
		{91FF92A9-E5ED-4C4A-96CD-89986B2EFFBC}.Release|iPhone.Deploy.0 = Release|iPhone
		{91FF92A9-E5ED-4C4A-96CD-89986B2EFFBC}.Release|iPhoneSimulator.ActiveCfg = Release|iPhoneSimulator
		{91FF92A9-E5ED-4C4A-96CD-89986B2EFFBC}.Release|iPhoneSimulator.Build.0 = Release|iPhoneSimulator
		{91FF92A9-E5ED-4C4A-96CD-89986B2EFFBC}.Release|iPhoneSimulator.Deploy.0 = Release|iPhoneSimulator
		{908EDE35-7DA0-445E-8C2D-4BFB13272C5E}.Ad-Hoc|Any CPU.ActiveCfg = Debug|Any CPU
		{908EDE35-7DA0-445E-8C2D-4BFB13272C5E}.Ad-Hoc|Any CPU.Build.0 = Debug|Any CPU
		{908EDE35-7DA0-445E-8C2D-4BFB13272C5E}.Ad-Hoc|Any CPU.Deploy.0 = Debug|Any CPU
		{908EDE35-7DA0-445E-8C2D-4BFB13272C5E}.Ad-Hoc|iPhone.ActiveCfg = Debug|Any CPU
		{908EDE35-7DA0-445E-8C2D-4BFB13272C5E}.Ad-Hoc|iPhone.Build.0 = Debug|Any CPU
		{908EDE35-7DA0-445E-8C2D-4BFB13272C5E}.Ad-Hoc|iPhone.Deploy.0 = Debug|Any CPU
		{908EDE35-7DA0-445E-8C2D-4BFB13272C5E}.Ad-Hoc|iPhoneSimulator.ActiveCfg = Debug|Any CPU
		{908EDE35-7DA0-445E-8C2D-4BFB13272C5E}.Ad-Hoc|iPhoneSimulator.Build.0 = Debug|Any CPU
		{908EDE35-7DA0-445E-8C2D-4BFB13272C5E}.Ad-Hoc|iPhoneSimulator.Deploy.0 = Debug|Any CPU
		{908EDE35-7DA0-445E-8C2D-4BFB13272C5E}.AppStore|Any CPU.ActiveCfg = Debug|Any CPU
		{908EDE35-7DA0-445E-8C2D-4BFB13272C5E}.AppStore|Any CPU.Build.0 = Debug|Any CPU
		{908EDE35-7DA0-445E-8C2D-4BFB13272C5E}.AppStore|Any CPU.Deploy.0 = Debug|Any CPU
		{908EDE35-7DA0-445E-8C2D-4BFB13272C5E}.AppStore|iPhone.ActiveCfg = Debug|Any CPU
		{908EDE35-7DA0-445E-8C2D-4BFB13272C5E}.AppStore|iPhone.Build.0 = Debug|Any CPU
		{908EDE35-7DA0-445E-8C2D-4BFB13272C5E}.AppStore|iPhone.Deploy.0 = Debug|Any CPU
		{908EDE35-7DA0-445E-8C2D-4BFB13272C5E}.AppStore|iPhoneSimulator.ActiveCfg = Debug|Any CPU
		{908EDE35-7DA0-445E-8C2D-4BFB13272C5E}.AppStore|iPhoneSimulator.Build.0 = Debug|Any CPU
		{908EDE35-7DA0-445E-8C2D-4BFB13272C5E}.AppStore|iPhoneSimulator.Deploy.0 = Debug|Any CPU
		{908EDE35-7DA0-445E-8C2D-4BFB13272C5E}.Debug|Any CPU.ActiveCfg = Debug|Any CPU
		{908EDE35-7DA0-445E-8C2D-4BFB13272C5E}.Debug|Any CPU.Build.0 = Debug|Any CPU
		{908EDE35-7DA0-445E-8C2D-4BFB13272C5E}.Debug|Any CPU.Deploy.0 = Debug|Any CPU
		{908EDE35-7DA0-445E-8C2D-4BFB13272C5E}.Debug|iPhone.ActiveCfg = Debug|Any CPU
		{908EDE35-7DA0-445E-8C2D-4BFB13272C5E}.Debug|iPhone.Build.0 = Debug|Any CPU
		{908EDE35-7DA0-445E-8C2D-4BFB13272C5E}.Debug|iPhone.Deploy.0 = Debug|Any CPU
		{908EDE35-7DA0-445E-8C2D-4BFB13272C5E}.Debug|iPhoneSimulator.ActiveCfg = Debug|Any CPU
		{908EDE35-7DA0-445E-8C2D-4BFB13272C5E}.Debug|iPhoneSimulator.Build.0 = Debug|Any CPU
		{908EDE35-7DA0-445E-8C2D-4BFB13272C5E}.Debug|iPhoneSimulator.Deploy.0 = Debug|Any CPU
		{908EDE35-7DA0-445E-8C2D-4BFB13272C5E}.Release|Any CPU.ActiveCfg = Release|Any CPU
		{908EDE35-7DA0-445E-8C2D-4BFB13272C5E}.Release|Any CPU.Build.0 = Release|Any CPU
		{908EDE35-7DA0-445E-8C2D-4BFB13272C5E}.Release|Any CPU.Deploy.0 = Release|Any CPU
		{908EDE35-7DA0-445E-8C2D-4BFB13272C5E}.Release|iPhone.ActiveCfg = Release|Any CPU
		{908EDE35-7DA0-445E-8C2D-4BFB13272C5E}.Release|iPhone.Build.0 = Release|Any CPU
		{908EDE35-7DA0-445E-8C2D-4BFB13272C5E}.Release|iPhone.Deploy.0 = Release|Any CPU
		{908EDE35-7DA0-445E-8C2D-4BFB13272C5E}.Release|iPhoneSimulator.ActiveCfg = Release|Any CPU
		{908EDE35-7DA0-445E-8C2D-4BFB13272C5E}.Release|iPhoneSimulator.Build.0 = Release|Any CPU
		{908EDE35-7DA0-445E-8C2D-4BFB13272C5E}.Release|iPhoneSimulator.Deploy.0 = Release|Any CPU
	EndGlobalSection
	GlobalSection(SolutionProperties) = preSolution
		HideSolutionNode = FALSE
	EndGlobalSection
	GlobalSection(ExtensibilityGlobals) = postSolution
		SolutionGuid = {62F28F4A-B46C-4134-A3C6-16A87FBEF6C0}
	EndGlobalSection
EndGlobal
